
Microsoft Visual Studio Solution File, Format Version 12.00
# Visual Studio Version 17
VisualStudioVersion = 17.5.002.0
MinimumVisualStudioVersion = 10.0.40219.1
Project("{9A19103F-16F7-4668-BE54-9A1E7A4F7556}") = "ProjectManagementAPI", "ProjectManagementAPI\ProjectManagementAPI.csproj", "{F4CAC619-1F8B-420B-9D87-E2D83DDDC0CE}"
EndProject
Project("{FAE04EC0-301F-11D3-BF4B-00C04F79EFBC}") = "ProjectManagementTest", "ProjectManagementTest\ProjectManagementTest.csproj", "{F4B9FBE6-E60E-4D4C-A090-BF3A7367EF62}"
EndProject
Global
	GlobalSection(SolutionConfigurationPlatforms) = preSolution
		Debug|Any CPU = Debug|Any CPU
		Release|Any CPU = Release|Any CPU
	EndGlobalSection
	GlobalSection(ProjectConfigurationPlatforms) = postSolution
		{F4CAC619-1F8B-420B-9D87-E2D83DDDC0CE}.Debug|Any CPU.ActiveCfg = Debug|Any CPU
		{F4CAC619-1F8B-420B-9D87-E2D83DDDC0CE}.Debug|Any CPU.Build.0 = Debug|Any CPU
		{F4CAC619-1F8B-420B-9D87-E2D83DDDC0CE}.Release|Any CPU.ActiveCfg = Release|Any CPU
		{F4CAC619-1F8B-420B-9D87-E2D83DDDC0CE}.Release|Any CPU.Build.0 = Release|Any CPU
		{F4B9FBE6-E60E-4D4C-A090-BF3A7367EF62}.Debug|Any CPU.ActiveCfg = Debug|Any CPU
		{F4B9FBE6-E60E-4D4C-A090-BF3A7367EF62}.Debug|Any CPU.Build.0 = Debug|Any CPU
		{F4B9FBE6-E60E-4D4C-A090-BF3A7367EF62}.Release|Any CPU.ActiveCfg = Release|Any CPU
		{F4B9FBE6-E60E-4D4C-A090-BF3A7367EF62}.Release|Any CPU.Build.0 = Release|Any CPU
	EndGlobalSection
	GlobalSection(SolutionProperties) = preSolution
		HideSolutionNode = FALSE
	EndGlobalSection
	GlobalSection(ExtensibilityGlobals) = postSolution
		SolutionGuid = {2D2C653C-0678-46BE-94AF-34A9AA2E34C4}
	EndGlobalSection
EndGlobal
